// !$*UTF8*$!
{
	archiveVersion = 1;
	classes = {
	};
	objectVersion = 46;
	objects = {

/* Begin PBXBuildFile section */
		4A8DC3AA18394E53000419D8 /* singer.atlas in Resources */ = {isa = PBXBuildFile; fileRef = 4A8DC3A918394E53000419D8 /* singer.atlas */; };
		4A8DC3AC18394F64000419D8 /* piano.atlas in Resources */ = {isa = PBXBuildFile; fileRef = 4A8DC3AB18394F64000419D8 /* piano.atlas */; };
		4A8DC3AE18394FF9000419D8 /* guitar.atlas in Resources */ = {isa = PBXBuildFile; fileRef = 4A8DC3AD18394FF9000419D8 /* guitar.atlas */; };
		4A8DC3B018395151000419D8 /* drummer.atlas in Resources */ = {isa = PBXBuildFile; fileRef = 4A8DC3AF18395151000419D8 /* drummer.atlas */; };
		4AC394EB1831B53C009991D8 /* Foundation.framework in Frameworks */ = {isa = PBXBuildFile; fileRef = 4AC394EA1831B53C009991D8 /* Foundation.framework */; };
		4AC394ED1831B53C009991D8 /* CoreGraphics.framework in Frameworks */ = {isa = PBXBuildFile; fileRef = 4AC394EC1831B53C009991D8 /* CoreGraphics.framework */; };
		4AC394EF1831B53C009991D8 /* UIKit.framework in Frameworks */ = {isa = PBXBuildFile; fileRef = 4AC394EE1831B53C009991D8 /* UIKit.framework */; };
		4AC394F11831B53C009991D8 /* SpriteKit.framework in Frameworks */ = {isa = PBXBuildFile; fileRef = 4AC394F01831B53C009991D8 /* SpriteKit.framework */; };
		4AC394F71831B53C009991D8 /* InfoPlist.strings in Resources */ = {isa = PBXBuildFile; fileRef = 4AC394F51831B53C009991D8 /* InfoPlist.strings */; };
		4AC394F91831B53C009991D8 /* main.m in Sources */ = {isa = PBXBuildFile; fileRef = 4AC394F81831B53C009991D8 /* main.m */; };
		4AC394FD1831B53C009991D8 /* CCAppDelegate.m in Sources */ = {isa = PBXBuildFile; fileRef = 4AC394FC1831B53C009991D8 /* CCAppDelegate.m */; };
		4AC395001831B53C009991D8 /* Main_iPhone.storyboard in Resources */ = {isa = PBXBuildFile; fileRef = 4AC394FE1831B53C009991D8 /* Main_iPhone.storyboard */; };
		4AC395031831B53C009991D8 /* Main_iPad.storyboard in Resources */ = {isa = PBXBuildFile; fileRef = 4AC395011831B53C009991D8 /* Main_iPad.storyboard */; };
		4AC395061831B53C009991D8 /* CCViewController.m in Sources */ = {isa = PBXBuildFile; fileRef = 4AC395051831B53C009991D8 /* CCViewController.m */; };
		4AC395091831B53C009991D8 /* CCMyScene.m in Sources */ = {isa = PBXBuildFile; fileRef = 4AC395081831B53C009991D8 /* CCMyScene.m */; };
		4AC3950D1831B53C009991D8 /* Images.xcassets in Resources */ = {isa = PBXBuildFile; fileRef = 4AC3950C1831B53C009991D8 /* Images.xcassets */; };
		4AC395141831B53C009991D8 /* XCTest.framework in Frameworks */ = {isa = PBXBuildFile; fileRef = 4AC395131831B53C009991D8 /* XCTest.framework */; };
		4AC395151831B53C009991D8 /* Foundation.framework in Frameworks */ = {isa = PBXBuildFile; fileRef = 4AC394EA1831B53C009991D8 /* Foundation.framework */; };
		4AC395161831B53C009991D8 /* UIKit.framework in Frameworks */ = {isa = PBXBuildFile; fileRef = 4AC394EE1831B53C009991D8 /* UIKit.framework */; };
		4AC3951E1831B53C009991D8 /* InfoPlist.strings in Resources */ = {isa = PBXBuildFile; fileRef = 4AC3951C1831B53C009991D8 /* InfoPlist.strings */; };
		4AC395201831B53C009991D8 /* christmaschorusTests.m in Sources */ = {isa = PBXBuildFile; fileRef = 4AC3951F1831B53C009991D8 /* christmaschorusTests.m */; };
		4AC3952A1831B5AA009991D8 /* GameData.plist in Resources */ = {isa = PBXBuildFile; fileRef = 4AC395291831B5AA009991D8 /* GameData.plist */; };
		4AC3952C1831B891009991D8 /* AVFoundation.framework in Frameworks */ = {isa = PBXBuildFile; fileRef = 4AC3952B1831B891009991D8 /* AVFoundation.framework */; };
		4AC3952E1831B89C009991D8 /* AudioToolbox.framework in Frameworks */ = {isa = PBXBuildFile; fileRef = 4AC3952D1831B89C009991D8 /* AudioToolbox.framework */; };
		4AC395341831B8D7009991D8 /* drummer.aif in Resources */ = {isa = PBXBuildFile; fileRef = 4AC395301831B8D7009991D8 /* drummer.aif */; };
		4AC395351831B8D7009991D8 /* guitar.aif in Resources */ = {isa = PBXBuildFile; fileRef = 4AC395311831B8D7009991D8 /* guitar.aif */; };
		4AC395361831B8D7009991D8 /* piano.aif in Resources */ = {isa = PBXBuildFile; fileRef = 4AC395321831B8D7009991D8 /* piano.aif */; };
		4AC395371831B8D7009991D8 /* singer.aif in Resources */ = {isa = PBXBuildFile; fileRef = 4AC395331831B8D7009991D8 /* singer.aif */; };
		4AC3953A1831C41C009991D8 /* CCPlayer.m in Sources */ = {isa = PBXBuildFile; fileRef = 4AC395391831C41C009991D8 /* CCPlayer.m */; };
		4AFB5037184060A1006899E8 /* santa.atlas in Resources */ = {isa = PBXBuildFile; fileRef = 4AFB5036184060A1006899E8 /* santa.atlas */; };
		D290A5E518334EC600BDA71F /* snowing.sks in Resources */ = {isa = PBXBuildFile; fileRef = D290A5E318334EC600BDA71F /* snowing.sks */; };
		D290A5E81833502A00BDA71F /* snowflake.png in Resources */ = {isa = PBXBuildFile; fileRef = D290A5E71833502A00BDA71F /* snowflake.png */; };
		D290A5F3183B2E0400BDA71F /* CCSplashScreen.m in Sources */ = {isa = PBXBuildFile; fileRef = D290A5F2183B2E0400BDA71F /* CCSplashScreen.m */; };
		D290A5F5183B314E00BDA71F /* snowball1.png in Resources */ = {isa = PBXBuildFile; fileRef = D290A5F4183B314E00BDA71F /* snowball1.png */; };
		D290A5F7183B320400BDA71F /* bglights.atlas in Resources */ = {isa = PBXBuildFile; fileRef = D290A5F6183B320400BDA71F /* bglights.atlas */; };
/* End PBXBuildFile section */

/* Begin PBXContainerItemProxy section */
		4AC395171831B53C009991D8 /* PBXContainerItemProxy */ = {
			isa = PBXContainerItemProxy;
			containerPortal = 4AC394DF1831B53C009991D8 /* Project object */;
			proxyType = 1;
			remoteGlobalIDString = 4AC394E61831B53C009991D8;
			remoteInfo = christmaschorus;
		};
/* End PBXContainerItemProxy section */

/* Begin PBXFileReference section */
		4A8DC3A918394E53000419D8 /* singer.atlas */ = {isa = PBXFileReference; lastKnownFileType = folder.skatlas; path = singer.atlas; sourceTree = "<group>"; };
		4A8DC3AB18394F64000419D8 /* piano.atlas */ = {isa = PBXFileReference; lastKnownFileType = folder.skatlas; path = piano.atlas; sourceTree = "<group>"; };
		4A8DC3AD18394FF9000419D8 /* guitar.atlas */ = {isa = PBXFileReference; lastKnownFileType = folder.skatlas; path = guitar.atlas; sourceTree = "<group>"; };
		4A8DC3AF18395151000419D8 /* drummer.atlas */ = {isa = PBXFileReference; lastKnownFileType = folder.skatlas; path = drummer.atlas; sourceTree = "<group>"; };
		4AC394E71831B53C009991D8 /* christmaschorus.app */ = {isa = PBXFileReference; explicitFileType = wrapper.application; includeInIndex = 0; path = christmaschorus.app; sourceTree = BUILT_PRODUCTS_DIR; };
		4AC394EA1831B53C009991D8 /* Foundation.framework */ = {isa = PBXFileReference; lastKnownFileType = wrapper.framework; name = Foundation.framework; path = System/Library/Frameworks/Foundation.framework; sourceTree = SDKROOT; };
		4AC394EC1831B53C009991D8 /* CoreGraphics.framework */ = {isa = PBXFileReference; lastKnownFileType = wrapper.framework; name = CoreGraphics.framework; path = System/Library/Frameworks/CoreGraphics.framework; sourceTree = SDKROOT; };
		4AC394EE1831B53C009991D8 /* UIKit.framework */ = {isa = PBXFileReference; lastKnownFileType = wrapper.framework; name = UIKit.framework; path = System/Library/Frameworks/UIKit.framework; sourceTree = SDKROOT; };
		4AC394F01831B53C009991D8 /* SpriteKit.framework */ = {isa = PBXFileReference; lastKnownFileType = wrapper.framework; name = SpriteKit.framework; path = System/Library/Frameworks/SpriteKit.framework; sourceTree = SDKROOT; };
		4AC394F41831B53C009991D8 /* christmaschorus-Info.plist */ = {isa = PBXFileReference; lastKnownFileType = text.plist.xml; path = "christmaschorus-Info.plist"; sourceTree = "<group>"; };
		4AC394F61831B53C009991D8 /* en */ = {isa = PBXFileReference; lastKnownFileType = text.plist.strings; name = en; path = en.lproj/InfoPlist.strings; sourceTree = "<group>"; };
		4AC394F81831B53C009991D8 /* main.m */ = {isa = PBXFileReference; lastKnownFileType = sourcecode.c.objc; path = main.m; sourceTree = "<group>"; };
		4AC394FA1831B53C009991D8 /* christmaschorus-Prefix.pch */ = {isa = PBXFileReference; lastKnownFileType = sourcecode.c.h; path = "christmaschorus-Prefix.pch"; sourceTree = "<group>"; };
		4AC394FB1831B53C009991D8 /* CCAppDelegate.h */ = {isa = PBXFileReference; lastKnownFileType = sourcecode.c.h; path = CCAppDelegate.h; sourceTree = "<group>"; };
		4AC394FC1831B53C009991D8 /* CCAppDelegate.m */ = {isa = PBXFileReference; lastKnownFileType = sourcecode.c.objc; path = CCAppDelegate.m; sourceTree = "<group>"; };
		4AC394FF1831B53C009991D8 /* Base */ = {isa = PBXFileReference; lastKnownFileType = file.storyboard; name = Base; path = Base.lproj/Main_iPhone.storyboard; sourceTree = "<group>"; };
		4AC395021831B53C009991D8 /* Base */ = {isa = PBXFileReference; lastKnownFileType = file.storyboard; name = Base; path = Base.lproj/Main_iPad.storyboard; sourceTree = "<group>"; };
		4AC395041831B53C009991D8 /* CCViewController.h */ = {isa = PBXFileReference; lastKnownFileType = sourcecode.c.h; path = CCViewController.h; sourceTree = "<group>"; };
		4AC395051831B53C009991D8 /* CCViewController.m */ = {isa = PBXFileReference; lastKnownFileType = sourcecode.c.objc; path = CCViewController.m; sourceTree = "<group>"; };
		4AC395071831B53C009991D8 /* CCMyScene.h */ = {isa = PBXFileReference; lastKnownFileType = sourcecode.c.h; path = CCMyScene.h; sourceTree = "<group>"; };
		4AC395081831B53C009991D8 /* CCMyScene.m */ = {isa = PBXFileReference; lastKnownFileType = sourcecode.c.objc; path = CCMyScene.m; sourceTree = "<group>"; };
		4AC3950C1831B53C009991D8 /* Images.xcassets */ = {isa = PBXFileReference; lastKnownFileType = folder.assetcatalog; path = Images.xcassets; sourceTree = "<group>"; };
		4AC395121831B53C009991D8 /* christmaschorusTests.xctest */ = {isa = PBXFileReference; explicitFileType = wrapper.cfbundle; includeInIndex = 0; path = christmaschorusTests.xctest; sourceTree = BUILT_PRODUCTS_DIR; };
		4AC395131831B53C009991D8 /* XCTest.framework */ = {isa = PBXFileReference; lastKnownFileType = wrapper.framework; name = XCTest.framework; path = Library/Frameworks/XCTest.framework; sourceTree = DEVELOPER_DIR; };
		4AC3951B1831B53C009991D8 /* christmaschorusTests-Info.plist */ = {isa = PBXFileReference; lastKnownFileType = text.plist.xml; path = "christmaschorusTests-Info.plist"; sourceTree = "<group>"; };
		4AC3951D1831B53C009991D8 /* en */ = {isa = PBXFileReference; lastKnownFileType = text.plist.strings; name = en; path = en.lproj/InfoPlist.strings; sourceTree = "<group>"; };
		4AC3951F1831B53C009991D8 /* christmaschorusTests.m */ = {isa = PBXFileReference; lastKnownFileType = sourcecode.c.objc; path = christmaschorusTests.m; sourceTree = "<group>"; };
		4AC395291831B5AA009991D8 /* GameData.plist */ = {isa = PBXFileReference; fileEncoding = 4; lastKnownFileType = text.plist.xml; path = GameData.plist; sourceTree = "<group>"; };
		4AC3952B1831B891009991D8 /* AVFoundation.framework */ = {isa = PBXFileReference; lastKnownFileType = wrapper.framework; name = AVFoundation.framework; path = System/Library/Frameworks/AVFoundation.framework; sourceTree = SDKROOT; };
		4AC3952D1831B89C009991D8 /* AudioToolbox.framework */ = {isa = PBXFileReference; lastKnownFileType = wrapper.framework; name = AudioToolbox.framework; path = System/Library/Frameworks/AudioToolbox.framework; sourceTree = SDKROOT; };
		4AC395301831B8D7009991D8 /* drummer.aif */ = {isa = PBXFileReference; lastKnownFileType = file; path = drummer.aif; sourceTree = "<group>"; };
		4AC395311831B8D7009991D8 /* guitar.aif */ = {isa = PBXFileReference; lastKnownFileType = file; path = guitar.aif; sourceTree = "<group>"; };
		4AC395321831B8D7009991D8 /* piano.aif */ = {isa = PBXFileReference; lastKnownFileType = file; path = piano.aif; sourceTree = "<group>"; };
		4AC395331831B8D7009991D8 /* singer.aif */ = {isa = PBXFileReference; lastKnownFileType = file; path = singer.aif; sourceTree = "<group>"; };
		4AC395381831C41C009991D8 /* CCPlayer.h */ = {isa = PBXFileReference; fileEncoding = 4; lastKnownFileType = sourcecode.c.h; path = CCPlayer.h; sourceTree = "<group>"; };
		4AC395391831C41C009991D8 /* CCPlayer.m */ = {isa = PBXFileReference; fileEncoding = 4; lastKnownFileType = sourcecode.c.objc; path = CCPlayer.m; sourceTree = "<group>"; };
		4AFB5036184060A1006899E8 /* santa.atlas */ = {isa = PBXFileReference; lastKnownFileType = folder.skatlas; path = santa.atlas; sourceTree = "<group>"; };
		D290A5E318334EC600BDA71F /* snowing.sks */ = {isa = PBXFileReference; lastKnownFileType = file.sks; path = snowing.sks; sourceTree = "<group>"; };
		D290A5E71833502A00BDA71F /* snowflake.png */ = {isa = PBXFileReference; lastKnownFileType = image.png; path = snowflake.png; sourceTree = "<group>"; };
		D290A5F1183B2E0400BDA71F /* CCSplashScreen.h */ = {isa = PBXFileReference; fileEncoding = 4; lastKnownFileType = sourcecode.c.h; path = CCSplashScreen.h; sourceTree = "<group>"; };
		D290A5F2183B2E0400BDA71F /* CCSplashScreen.m */ = {isa = PBXFileReference; fileEncoding = 4; lastKnownFileType = sourcecode.c.objc; path = CCSplashScreen.m; sourceTree = "<group>"; };
		D290A5F4183B314E00BDA71F /* snowball1.png */ = {isa = PBXFileReference; lastKnownFileType = image.png; path = snowball1.png; sourceTree = "<group>"; };
		D290A5F6183B320400BDA71F /* bglights.atlas */ = {isa = PBXFileReference; lastKnownFileType = folder.skatlas; path = bglights.atlas; sourceTree = "<group>"; };
/* End PBXFileReference section */

/* Begin PBXFrameworksBuildPhase section */
		4AC394E41831B53C009991D8 /* Frameworks */ = {
			isa = PBXFrameworksBuildPhase;
			buildActionMask = 2147483647;
			files = (
				4AC3952E1831B89C009991D8 /* AudioToolbox.framework in Frameworks */,
				4AC3952C1831B891009991D8 /* AVFoundation.framework in Frameworks */,
				4AC394ED1831B53C009991D8 /* CoreGraphics.framework in Frameworks */,
				4AC394EF1831B53C009991D8 /* UIKit.framework in Frameworks */,
				4AC394F11831B53C009991D8 /* SpriteKit.framework in Frameworks */,
				4AC394EB1831B53C009991D8 /* Foundation.framework in Frameworks */,
			);
			runOnlyForDeploymentPostprocessing = 0;
		};
		4AC3950F1831B53C009991D8 /* Frameworks */ = {
			isa = PBXFrameworksBuildPhase;
			buildActionMask = 2147483647;
			files = (
				4AC395141831B53C009991D8 /* XCTest.framework in Frameworks */,
				4AC395161831B53C009991D8 /* UIKit.framework in Frameworks */,
				4AC395151831B53C009991D8 /* Foundation.framework in Frameworks */,
			);
			runOnlyForDeploymentPostprocessing = 0;
		};
/* End PBXFrameworksBuildPhase section */

/* Begin PBXGroup section */
		4AC394DE1831B53C009991D8 = {
			isa = PBXGroup;
			children = (
				4AC394F21831B53C009991D8 /* christmaschorus */,
				4AC395191831B53C009991D8 /* christmaschorusTests */,
				4AC394E91831B53C009991D8 /* Frameworks */,
				4AC394E81831B53C009991D8 /* Products */,
			);
			sourceTree = "<group>";
		};
		4AC394E81831B53C009991D8 /* Products */ = {
			isa = PBXGroup;
			children = (
				4AC394E71831B53C009991D8 /* christmaschorus.app */,
				4AC395121831B53C009991D8 /* christmaschorusTests.xctest */,
			);
			name = Products;
			sourceTree = "<group>";
		};
		4AC394E91831B53C009991D8 /* Frameworks */ = {
			isa = PBXGroup;
			children = (
				4AC3952D1831B89C009991D8 /* AudioToolbox.framework */,
				4AC3952B1831B891009991D8 /* AVFoundation.framework */,
				4AC394EA1831B53C009991D8 /* Foundation.framework */,
				4AC394EC1831B53C009991D8 /* CoreGraphics.framework */,
				4AC394EE1831B53C009991D8 /* UIKit.framework */,
				4AC394F01831B53C009991D8 /* SpriteKit.framework */,
				4AC395131831B53C009991D8 /* XCTest.framework */,
			);
			name = Frameworks;
			sourceTree = "<group>";
		};
		4AC394F21831B53C009991D8 /* christmaschorus */ = {
			isa = PBXGroup;
			children = (
				4AFB5036184060A1006899E8 /* santa.atlas */,
				D290A5F6183B320400BDA71F /* bglights.atlas */,
				D290A5F4183B314E00BDA71F /* snowball1.png */,
				4A8DC3AF18395151000419D8 /* drummer.atlas */,
				4A8DC3AD18394FF9000419D8 /* guitar.atlas */,
				4A8DC3AB18394F64000419D8 /* piano.atlas */,
				4A8DC3A918394E53000419D8 /* singer.atlas */,
				D290A5E71833502A00BDA71F /* snowflake.png */,
				4AC3952F1831B8BC009991D8 /* tracks */,
				4AC394FB1831B53C009991D8 /* CCAppDelegate.h */,
				4AC394FC1831B53C009991D8 /* CCAppDelegate.m */,
				4AC394FE1831B53C009991D8 /* Main_iPhone.storyboard */,
				4AC395011831B53C009991D8 /* Main_iPad.storyboard */,
				4AC395041831B53C009991D8 /* CCViewController.h */,
				4AC395051831B53C009991D8 /* CCViewController.m */,
				4AC395071831B53C009991D8 /* CCMyScene.h */,
				4AC395081831B53C009991D8 /* CCMyScene.m */,
				D290A5F1183B2E0400BDA71F /* CCSplashScreen.h */,
				D290A5F2183B2E0400BDA71F /* CCSplashScreen.m */,
				4AC395381831C41C009991D8 /* CCPlayer.h */,
				4AC395391831C41C009991D8 /* CCPlayer.m */,
				D290A5E318334EC600BDA71F /* snowing.sks */,
				4AC395291831B5AA009991D8 /* GameData.plist */,
				4AC3950C1831B53C009991D8 /* Images.xcassets */,
				4AC394F31831B53C009991D8 /* Supporting Files */,
			);
			path = christmaschorus;
			sourceTree = "<group>";
		};
		4AC394F31831B53C009991D8 /* Supporting Files */ = {
			isa = PBXGroup;
			children = (
				4AC394F41831B53C009991D8 /* christmaschorus-Info.plist */,
				4AC394F51831B53C009991D8 /* InfoPlist.strings */,
				4AC394F81831B53C009991D8 /* main.m */,
				4AC394FA1831B53C009991D8 /* christmaschorus-Prefix.pch */,
			);
			name = "Supporting Files";
			sourceTree = "<group>";
		};
		4AC395191831B53C009991D8 /* christmaschorusTests */ = {
			isa = PBXGroup;
			children = (
				4AC3951F1831B53C009991D8 /* christmaschorusTests.m */,
				4AC3951A1831B53C009991D8 /* Supporting Files */,
			);
			path = christmaschorusTests;
			sourceTree = "<group>";
		};
		4AC3951A1831B53C009991D8 /* Supporting Files */ = {
			isa = PBXGroup;
			children = (
				4AC3951B1831B53C009991D8 /* christmaschorusTests-Info.plist */,
				4AC3951C1831B53C009991D8 /* InfoPlist.strings */,
			);
			name = "Supporting Files";
			sourceTree = "<group>";
		};
		4AC3952F1831B8BC009991D8 /* tracks */ = {
			isa = PBXGroup;
			children = (
				4AC395301831B8D7009991D8 /* drummer.aif */,
				4AC395311831B8D7009991D8 /* guitar.aif */,
				4AC395321831B8D7009991D8 /* piano.aif */,
				4AC395331831B8D7009991D8 /* singer.aif */,
			);
			name = tracks;
			sourceTree = "<group>";
		};
/* End PBXGroup section */

/* Begin PBXNativeTarget section */
		4AC394E61831B53C009991D8 /* christmaschorus */ = {
			isa = PBXNativeTarget;
			buildConfigurationList = 4AC395231831B53C009991D8 /* Build configuration list for PBXNativeTarget "christmaschorus" */;
			buildPhases = (
				4AC394E31831B53C009991D8 /* Sources */,
				4AC394E41831B53C009991D8 /* Frameworks */,
				4AC394E51831B53C009991D8 /* Resources */,
			);
			buildRules = (
			);
			dependencies = (
			);
			name = christmaschorus;
			productName = christmaschorus;
			productReference = 4AC394E71831B53C009991D8 /* christmaschorus.app */;
			productType = "com.apple.product-type.application";
		};
		4AC395111831B53C009991D8 /* christmaschorusTests */ = {
			isa = PBXNativeTarget;
			buildConfigurationList = 4AC395261831B53C009991D8 /* Build configuration list for PBXNativeTarget "christmaschorusTests" */;
			buildPhases = (
				4AC3950E1831B53C009991D8 /* Sources */,
				4AC3950F1831B53C009991D8 /* Frameworks */,
				4AC395101831B53C009991D8 /* Resources */,
			);
			buildRules = (
			);
			dependencies = (
				4AC395181831B53C009991D8 /* PBXTargetDependency */,
			);
			name = christmaschorusTests;
			productName = christmaschorusTests;
			productReference = 4AC395121831B53C009991D8 /* christmaschorusTests.xctest */;
			productType = "com.apple.product-type.bundle.unit-test";
		};
/* End PBXNativeTarget section */

/* Begin PBXProject section */
		4AC394DF1831B53C009991D8 /* Project object */ = {
			isa = PBXProject;
			attributes = {
				CLASSPREFIX = CC;
				LastUpgradeCheck = 0500;
				ORGANIZATIONNAME = "Scott Bedard";
				TargetAttributes = {
					4AC395111831B53C009991D8 = {
						TestTargetID = 4AC394E61831B53C009991D8;
					};
				};
			};
			buildConfigurationList = 4AC394E21831B53C009991D8 /* Build configuration list for PBXProject "christmaschorus" */;
			compatibilityVersion = "Xcode 3.2";
			developmentRegion = English;
			hasScannedForEncodings = 0;
			knownRegions = (
				en,
				Base,
			);
			mainGroup = 4AC394DE1831B53C009991D8;
			productRefGroup = 4AC394E81831B53C009991D8 /* Products */;
			projectDirPath = "";
			projectRoot = "";
			targets = (
				4AC394E61831B53C009991D8 /* christmaschorus */,
				4AC395111831B53C009991D8 /* christmaschorusTests */,
			);
		};
/* End PBXProject section */

/* Begin PBXResourcesBuildPhase section */
		4AC394E51831B53C009991D8 /* Resources */ = {
			isa = PBXResourcesBuildPhase;
			buildActionMask = 2147483647;
			files = (
				4AC395371831B8D7009991D8 /* singer.aif in Resources */,
				4A8DC3B018395151000419D8 /* drummer.atlas in Resources */,
				D290A5E81833502A00BDA71F /* snowflake.png in Resources */,
				D290A5F5183B314E00BDA71F /* snowball1.png in Resources */,
				4AC3950D1831B53C009991D8 /* Images.xcassets in Resources */,
				4AC395361831B8D7009991D8 /* piano.aif in Resources */,
				4AC3952A1831B5AA009991D8 /* GameData.plist in Resources */,
				4A8DC3AC18394F64000419D8 /* piano.atlas in Resources */,
				4AC395031831B53C009991D8 /* Main_iPad.storyboard in Resources */,
				4A8DC3AE18394FF9000419D8 /* guitar.atlas in Resources */,
				4AC395001831B53C009991D8 /* Main_iPhone.storyboard in Resources */,
				4AFB5037184060A1006899E8 /* santa.atlas in Resources */,
				4A8DC3AA18394E53000419D8 /* singer.atlas in Resources */,
				4AC394F71831B53C009991D8 /* InfoPlist.strings in Resources */,
				D290A5F7183B320400BDA71F /* bglights.atlas in Resources */,
				4AC395351831B8D7009991D8 /* guitar.aif in Resources */,
				4AC395341831B8D7009991D8 /* drummer.aif in Resources */,
				D290A5E518334EC600BDA71F /* snowing.sks in Resources */,
			);
			runOnlyForDeploymentPostprocessing = 0;
		};
		4AC395101831B53C009991D8 /* Resources */ = {
			isa = PBXResourcesBuildPhase;
			buildActionMask = 2147483647;
			files = (
				4AC3951E1831B53C009991D8 /* InfoPlist.strings in Resources */,
			);
			runOnlyForDeploymentPostprocessing = 0;
		};
/* End PBXResourcesBuildPhase section */

/* Begin PBXSourcesBuildPhase section */
		4AC394E31831B53C009991D8 /* Sources */ = {
			isa = PBXSourcesBuildPhase;
			buildActionMask = 2147483647;
			files = (
				4AC3953A1831C41C009991D8 /* CCPlayer.m in Sources */,
				4AC395091831B53C009991D8 /* CCMyScene.m in Sources */,
				D290A5F3183B2E0400BDA71F /* CCSplashScreen.m in Sources */,
				4AC394FD1831B53C009991D8 /* CCAppDelegate.m in Sources */,
				4AC394F91831B53C009991D8 /* main.m in Sources */,
				4AC395061831B53C009991D8 /* CCViewController.m in Sources */,
			);
			runOnlyForDeploymentPostprocessing = 0;
		};
		4AC3950E1831B53C009991D8 /* Sources */ = {
			isa = PBXSourcesBuildPhase;
			buildActionMask = 2147483647;
			files = (
				4AC395201831B53C009991D8 /* christmaschorusTests.m in Sources */,
			);
			runOnlyForDeploymentPostprocessing = 0;
		};
/* End PBXSourcesBuildPhase section */

/* Begin PBXTargetDependency section */
		4AC395181831B53C009991D8 /* PBXTargetDependency */ = {
			isa = PBXTargetDependency;
			target = 4AC394E61831B53C009991D8 /* christmaschorus */;
			targetProxy = 4AC395171831B53C009991D8 /* PBXContainerItemProxy */;
		};
/* End PBXTargetDependency section */

/* Begin PBXVariantGroup section */
		4AC394F51831B53C009991D8 /* InfoPlist.strings */ = {
			isa = PBXVariantGroup;
			children = (
				4AC394F61831B53C009991D8 /* en */,
			);
			name = InfoPlist.strings;
			sourceTree = "<group>";
		};
		4AC394FE1831B53C009991D8 /* Main_iPhone.storyboard */ = {
			isa = PBXVariantGroup;
			children = (
				4AC394FF1831B53C009991D8 /* Base */,
			);
			name = Main_iPhone.storyboard;
			sourceTree = "<group>";
		};
		4AC395011831B53C009991D8 /* Main_iPad.storyboard */ = {
			isa = PBXVariantGroup;
			children = (
				4AC395021831B53C009991D8 /* Base */,
			);
			name = Main_iPad.storyboard;
			sourceTree = "<group>";
		};
		4AC3951C1831B53C009991D8 /* InfoPlist.strings */ = {
			isa = PBXVariantGroup;
			children = (
				4AC3951D1831B53C009991D8 /* en */,
			);
			name = InfoPlist.strings;
			sourceTree = "<group>";
		};
/* End PBXVariantGroup section */

/* Begin XCBuildConfiguration section */
		4AC395211831B53C009991D8 /* Debug */ = {
			isa = XCBuildConfiguration;
			buildSettings = {
				ALWAYS_SEARCH_USER_PATHS = NO;
				ARCHS = "$(ARCHS_STANDARD_INCLUDING_64_BIT)";
				CLANG_CXX_LANGUAGE_STANDARD = "gnu++0x";
				CLANG_CXX_LIBRARY = "libc++";
				CLANG_ENABLE_MODULES = YES;
				CLANG_ENABLE_OBJC_ARC = YES;
				CLANG_WARN_BOOL_CONVERSION = YES;
				CLANG_WARN_CONSTANT_CONVERSION = YES;
				CLANG_WARN_DIRECT_OBJC_ISA_USAGE = YES_ERROR;
				CLANG_WARN_EMPTY_BODY = YES;
				CLANG_WARN_ENUM_CONVERSION = YES;
				CLANG_WARN_INT_CONVERSION = YES;
				CLANG_WARN_OBJC_ROOT_CLASS = YES_ERROR;
				CLANG_WARN__DUPLICATE_METHOD_MATCH = YES;
				"CODE_SIGN_IDENTITY[sdk=iphoneos*]" = "iPhone Developer";
				COPY_PHASE_STRIP = NO;
				GCC_C_LANGUAGE_STANDARD = gnu99;
				GCC_DYNAMIC_NO_PIC = NO;
				GCC_OPTIMIZATION_LEVEL = 0;
				GCC_PREPROCESSOR_DEFINITIONS = (
					"DEBUG=1",
					"$(inherited)",
				);
				GCC_SYMBOLS_PRIVATE_EXTERN = NO;
				GCC_WARN_64_TO_32_BIT_CONVERSION = YES;
				GCC_WARN_ABOUT_RETURN_TYPE = YES_ERROR;
				GCC_WARN_UNDECLARED_SELECTOR = YES;
				GCC_WARN_UNINITIALIZED_AUTOS = YES;
				GCC_WARN_UNUSED_FUNCTION = YES;
				GCC_WARN_UNUSED_VARIABLE = YES;
				IPHONEOS_DEPLOYMENT_TARGET = 7.0;
				ONLY_ACTIVE_ARCH = YES;
				SDKROOT = iphoneos;
				TARGETED_DEVICE_FAMILY = "1,2";
			};
			name = Debug;
		};
		4AC395221831B53C009991D8 /* Release */ = {
			isa = XCBuildConfiguration;
			buildSettings = {
				ALWAYS_SEARCH_USER_PATHS = NO;
				ARCHS = "$(ARCHS_STANDARD_INCLUDING_64_BIT)";
				CLANG_CXX_LANGUAGE_STANDARD = "gnu++0x";
				CLANG_CXX_LIBRARY = "libc++";
				CLANG_ENABLE_MODULES = YES;
				CLANG_ENABLE_OBJC_ARC = YES;
				CLANG_WARN_BOOL_CONVERSION = YES;
				CLANG_WARN_CONSTANT_CONVERSION = YES;
				CLANG_WARN_DIRECT_OBJC_ISA_USAGE = YES_ERROR;
				CLANG_WARN_EMPTY_BODY = YES;
				CLANG_WARN_ENUM_CONVERSION = YES;
				CLANG_WARN_INT_CONVERSION = YES;
				CLANG_WARN_OBJC_ROOT_CLASS = YES_ERROR;
				CLANG_WARN__DUPLICATE_METHOD_MATCH = YES;
				"CODE_SIGN_IDENTITY[sdk=iphoneos*]" = "iPhone Developer";
				COPY_PHASE_STRIP = YES;
				ENABLE_NS_ASSERTIONS = NO;
				GCC_C_LANGUAGE_STANDARD = gnu99;
				GCC_WARN_64_TO_32_BIT_CONVERSION = YES;
				GCC_WARN_ABOUT_RETURN_TYPE = YES_ERROR;
				GCC_WARN_UNDECLARED_SELECTOR = YES;
				GCC_WARN_UNINITIALIZED_AUTOS = YES;
				GCC_WARN_UNUSED_FUNCTION = YES;
				GCC_WARN_UNUSED_VARIABLE = YES;
				IPHONEOS_DEPLOYMENT_TARGET = 7.0;
				SDKROOT = iphoneos;
				TARGETED_DEVICE_FAMILY = "1,2";
				VALIDATE_PRODUCT = YES;
			};
			name = Release;
		};
		4AC395241831B53C009991D8 /* Debug */ = {
			isa = XCBuildConfiguration;
			buildSettings = {
				ASSETCATALOG_COMPILER_APPICON_NAME = AppIcon;
				ASSETCATALOG_COMPILER_LAUNCHIMAGE_NAME = LaunchImage;
				GCC_PRECOMPILE_PREFIX_HEADER = YES;
				GCC_PREFIX_HEADER = "christmaschorus/christmaschorus-Prefix.pch";
				INFOPLIST_FILE = "christmaschorus/christmaschorus-Info.plist";
				PRODUCT_NAME = "$(TARGET_NAME)";
				SPRITEKIT_TEXTURE_ATLAS_OUTPUT = YES;
				WRAPPER_EXTENSION = app;
			};
			name = Debug;
		};
		4AC395251831B53C009991D8 /* Release */ = {
			isa = XCBuildConfiguration;
			buildSettings = {
				ASSETCATALOG_COMPILER_APPICON_NAME = AppIcon;
				ASSETCATALOG_COMPILER_LAUNCHIMAGE_NAME = LaunchImage;
				GCC_PRECOMPILE_PREFIX_HEADER = YES;
				GCC_PREFIX_HEADER = "christmaschorus/christmaschorus-Prefix.pch";
				INFOPLIST_FILE = "christmaschorus/christmaschorus-Info.plist";
				PRODUCT_NAME = "$(TARGET_NAME)";
				SPRITEKIT_TEXTURE_ATLAS_OUTPUT = YES;
				WRAPPER_EXTENSION = app;
			};
			name = Release;
		};
		4AC395271831B53C009991D8 /* Debug */ = {
			isa = XCBuildConfiguration;
			buildSettings = {
				ARCHS = "$(ARCHS_STANDARD_INCLUDING_64_BIT)";
				BUNDLE_LOADER = "$(BUILT_PRODUCTS_DIR)/christmaschorus.app/christmaschorus";
				FRAMEWORK_SEARCH_PATHS = (
					"$(SDKROOT)/Developer/Library/Frameworks",
					"$(inherited)",
					"$(DEVELOPER_FRAMEWORKS_DIR)",
				);
				GCC_PRECOMPILE_PREFIX_HEADER = YES;
				GCC_PREFIX_HEADER = "christmaschorus/christmaschorus-Prefix.pch";
				GCC_PREPROCESSOR_DEFINITIONS = (
					"DEBUG=1",
					"$(inherited)",
				);
				INFOPLIST_FILE = "christmaschorusTests/christmaschorusTests-Info.plist";
				PRODUCT_NAME = "$(TARGET_NAME)";
				TEST_HOST = "$(BUNDLE_LOADER)";
				WRAPPER_EXTENSION = xctest;
			};
			name = Debug;
		};
		4AC395281831B53C009991D8 /* Release */ = {
			isa = XCBuildConfiguration;
			buildSettings = {
				ARCHS = "$(ARCHS_STANDARD_INCLUDING_64_BIT)";
				BUNDLE_LOADER = "$(BUILT_PRODUCTS_DIR)/christmaschorus.app/christmaschorus";
				FRAMEWORK_SEARCH_PATHS = (
					"$(SDKROOT)/Developer/Library/Frameworks",
					"$(inherited)",
					"$(DEVELOPER_FRAMEWORKS_DIR)",
				);
				GCC_PRECOMPILE_PREFIX_HEADER = YES;
				GCC_PREFIX_HEADER = "christmaschorus/christmaschorus-Prefix.pch";
				INFOPLIST_FILE = "christmaschorusTests/christmaschorusTests-Info.plist";
				PRODUCT_NAME = "$(TARGET_NAME)";
				TEST_HOST = "$(BUNDLE_LOADER)";
				WRAPPER_EXTENSION = xctest;
			};
			name = Release;
		};
/* End XCBuildConfiguration section */

/* Begin XCConfigurationList section */
		4AC394E21831B53C009991D8 /* Build configuration list for PBXProject "christmaschorus" */ = {
			isa = XCConfigurationList;
			buildConfigurations = (
				4AC395211831B53C009991D8 /* Debug */,
				4AC395221831B53C009991D8 /* Release */,
			);
			defaultConfigurationIsVisible = 0;
			defaultConfigurationName = Release;
		};
		4AC395231831B53C009991D8 /* Build configuration list for PBXNativeTarget "christmaschorus" */ = {
			isa = XCConfigurationList;
			buildConfigurations = (
				4AC395241831B53C009991D8 /* Debug */,
				4AC395251831B53C009991D8 /* Release */,
			);
			defaultConfigurationIsVisible = 0;
			defaultConfigurationName = Release;
		};
		4AC395261831B53C009991D8 /* Build configuration list for PBXNativeTarget "christmaschorusTests" */ = {
			isa = XCConfigurationList;
			buildConfigurations = (
				4AC395271831B53C009991D8 /* Debug */,
				4AC395281831B53C009991D8 /* Release */,
			);
			defaultConfigurationIsVisible = 0;
			defaultConfigurationName = Release;
		};
/* End XCConfigurationList section */
	};
	rootObject = 4AC394DF1831B53C009991D8 /* Project object */;
}
